// !$*UTF8*$!
{
	archiveVersion = 1;
	classes = {
	};
	objectVersion = 48;
	objects = {

/* Begin PBXBuildFile section */
		07C420DE212ECEBA57AA90BE /* Pods_Attendance_App.framework in Frameworks */ = {isa = PBXBuildFile; fileRef = CAD70F49B2B629B019AA8FCE /* Pods_Attendance_App.framework */; };
		50FFC5EF2066D222009C564A /* AppDelegate.swift in Sources */ = {isa = PBXBuildFile; fileRef = 50FFC5EE2066D222009C564A /* AppDelegate.swift */; };
		50FFC5F12066D222009C564A /* InitialViewController.swift in Sources */ = {isa = PBXBuildFile; fileRef = 50FFC5F02066D222009C564A /* InitialViewController.swift */; };
		50FFC5F42066D222009C564A /* Main.storyboard in Resources */ = {isa = PBXBuildFile; fileRef = 50FFC5F22066D222009C564A /* Main.storyboard */; };
		50FFC5F62066D222009C564A /* Assets.xcassets in Resources */ = {isa = PBXBuildFile; fileRef = 50FFC5F52066D222009C564A /* Assets.xcassets */; };
		50FFC5F92066D222009C564A /* LaunchScreen.storyboard in Resources */ = {isa = PBXBuildFile; fileRef = 50FFC5F72066D222009C564A /* LaunchScreen.storyboard */; };
		50FFC6012066D567009C564A /* LoginViewController.swift in Sources */ = {isa = PBXBuildFile; fileRef = 50FFC6002066D567009C564A /* LoginViewController.swift */; };
		50FFC6032066D639009C564A /* MenuViewController.swift in Sources */ = {isa = PBXBuildFile; fileRef = 50FFC6022066D639009C564A /* MenuViewController.swift */; };
		50FFC6052066D6C1009C564A /* SignUpViewController.swift in Sources */ = {isa = PBXBuildFile; fileRef = 50FFC6042066D6C1009C564A /* SignUpViewController.swift */; };
		50FFC6072066D76F009C564A /* RoundedWhiteButton.swift in Sources */ = {isa = PBXBuildFile; fileRef = 50FFC6062066D76F009C564A /* RoundedWhiteButton.swift */; };
		50FFC6092066D7AA009C564A /* HomeViewController.swift in Sources */ = {isa = PBXBuildFile; fileRef = 50FFC6082066D7AA009C564A /* HomeViewController.swift */; };
		50FFC60B2066D7D4009C564A /* ViewController.swift in Sources */ = {isa = PBXBuildFile; fileRef = 50FFC60A2066D7D4009C564A /* ViewController.swift */; };
		50FFC60D2066D95B009C564A /* HelperExtensions.swift in Sources */ = {isa = PBXBuildFile; fileRef = 50FFC60C2066D95B009C564A /* HelperExtensions.swift */; };
		50FFC60F2066DE0D009C564A /* GoogleService-Info.plist in Resources */ = {isa = PBXBuildFile; fileRef = 50FFC60E2066DE0C009C564A /* GoogleService-Info.plist */; };
		6CBF7F84206B3B0B003A5C74 /* InstructorHomeViewController.swift in Sources */ = {isa = PBXBuildFile; fileRef = 6CBF7F83206B3B0B003A5C74 /* InstructorHomeViewController.swift */; };
/* End PBXBuildFile section */

/* Begin PBXFileReference section */
		50FFC5EB2066D222009C564A /* Attendance_App.app */ = {isa = PBXFileReference; explicitFileType = wrapper.application; includeInIndex = 0; path = Attendance_App.app; sourceTree = BUILT_PRODUCTS_DIR; };
		50FFC5EE2066D222009C564A /* AppDelegate.swift */ = {isa = PBXFileReference; lastKnownFileType = sourcecode.swift; path = AppDelegate.swift; sourceTree = "<group>"; };
		50FFC5F02066D222009C564A /* InitialViewController.swift */ = {isa = PBXFileReference; lastKnownFileType = sourcecode.swift; path = InitialViewController.swift; sourceTree = "<group>"; };
		50FFC5F32066D222009C564A /* Base */ = {isa = PBXFileReference; lastKnownFileType = file.storyboard; name = Base; path = Base.lproj/Main.storyboard; sourceTree = "<group>"; };
		50FFC5F52066D222009C564A /* Assets.xcassets */ = {isa = PBXFileReference; lastKnownFileType = folder.assetcatalog; path = Assets.xcassets; sourceTree = "<group>"; };
		50FFC5F82066D222009C564A /* Base */ = {isa = PBXFileReference; lastKnownFileType = file.storyboard; name = Base; path = Base.lproj/LaunchScreen.storyboard; sourceTree = "<group>"; };
		50FFC5FA2066D222009C564A /* Info.plist */ = {isa = PBXFileReference; lastKnownFileType = text.plist.xml; path = Info.plist; sourceTree = "<group>"; };
		50FFC6002066D567009C564A /* LoginViewController.swift */ = {isa = PBXFileReference; lastKnownFileType = sourcecode.swift; path = LoginViewController.swift; sourceTree = "<group>"; };
		50FFC6022066D639009C564A /* MenuViewController.swift */ = {isa = PBXFileReference; lastKnownFileType = sourcecode.swift; path = MenuViewController.swift; sourceTree = "<group>"; };
		50FFC6042066D6C1009C564A /* SignUpViewController.swift */ = {isa = PBXFileReference; lastKnownFileType = sourcecode.swift; path = SignUpViewController.swift; sourceTree = "<group>"; };
		50FFC6062066D76F009C564A /* RoundedWhiteButton.swift */ = {isa = PBXFileReference; lastKnownFileType = sourcecode.swift; path = RoundedWhiteButton.swift; sourceTree = "<group>"; };
		50FFC6082066D7AA009C564A /* HomeViewController.swift */ = {isa = PBXFileReference; lastKnownFileType = sourcecode.swift; path = HomeViewController.swift; sourceTree = "<group>"; };
		50FFC60A2066D7D4009C564A /* ViewController.swift */ = {isa = PBXFileReference; lastKnownFileType = sourcecode.swift; path = ViewController.swift; sourceTree = "<group>"; };
		50FFC60C2066D95B009C564A /* HelperExtensions.swift */ = {isa = PBXFileReference; lastKnownFileType = sourcecode.swift; path = HelperExtensions.swift; sourceTree = "<group>"; };
		50FFC60E2066DE0C009C564A /* GoogleService-Info.plist */ = {isa = PBXFileReference; fileEncoding = 4; lastKnownFileType = text.plist.xml; path = "GoogleService-Info.plist"; sourceTree = "<group>"; };
		6313138773B75351DAC03768 /* Pods-Attendance_App.release.xcconfig */ = {isa = PBXFileReference; includeInIndex = 1; lastKnownFileType = text.xcconfig; name = "Pods-Attendance_App.release.xcconfig"; path = "Pods/Target Support Files/Pods-Attendance_App/Pods-Attendance_App.release.xcconfig"; sourceTree = "<group>"; };
		6CBF7F83206B3B0B003A5C74 /* InstructorHomeViewController.swift */ = {isa = PBXFileReference; lastKnownFileType = sourcecode.swift; path = InstructorHomeViewController.swift; sourceTree = "<group>"; };
		A0BE25BF765E87E2E1B57333 /* Pods-Attendance_App.debug.xcconfig */ = {isa = PBXFileReference; includeInIndex = 1; lastKnownFileType = text.xcconfig; name = "Pods-Attendance_App.debug.xcconfig"; path = "Pods/Target Support Files/Pods-Attendance_App/Pods-Attendance_App.debug.xcconfig"; sourceTree = "<group>"; };
		CAD70F49B2B629B019AA8FCE /* Pods_Attendance_App.framework */ = {isa = PBXFileReference; explicitFileType = wrapper.framework; includeInIndex = 0; path = Pods_Attendance_App.framework; sourceTree = BUILT_PRODUCTS_DIR; };
/* End PBXFileReference section */

/* Begin PBXFrameworksBuildPhase section */
		50FFC5E82066D222009C564A /* Frameworks */ = {
			isa = PBXFrameworksBuildPhase;
			buildActionMask = 2147483647;
			files = (
				07C420DE212ECEBA57AA90BE /* Pods_Attendance_App.framework in Frameworks */,
			);
			runOnlyForDeploymentPostprocessing = 0;
		};
/* End PBXFrameworksBuildPhase section */

/* Begin PBXGroup section */
		3174044015CCC46024A2362E /* Pods */ = {
			isa = PBXGroup;
			children = (
				A0BE25BF765E87E2E1B57333 /* Pods-Attendance_App.debug.xcconfig */,
				6313138773B75351DAC03768 /* Pods-Attendance_App.release.xcconfig */,
			);
			name = Pods;
			sourceTree = "<group>";
		};
		359F294D239517390886EF50 /* Frameworks */ = {
			isa = PBXGroup;
			children = (
				CAD70F49B2B629B019AA8FCE /* Pods_Attendance_App.framework */,
			);
			name = Frameworks;
			sourceTree = "<group>";
		};
		50FFC5E22066D222009C564A = {
			isa = PBXGroup;
			children = (
				50FFC5ED2066D222009C564A /* Attendance_App */,
				50FFC5EC2066D222009C564A /* Products */,
				3174044015CCC46024A2362E /* Pods */,
				359F294D239517390886EF50 /* Frameworks */,
			);
			sourceTree = "<group>";
		};
		50FFC5EC2066D222009C564A /* Products */ = {
			isa = PBXGroup;
			children = (
				50FFC5EB2066D222009C564A /* Attendance_App.app */,
			);
			name = Products;
			sourceTree = "<group>";
		};
		50FFC5ED2066D222009C564A /* Attendance_App */ = {
			isa = PBXGroup;
			children = (
				50FFC5EE2066D222009C564A /* AppDelegate.swift */,
				50FFC5F02066D222009C564A /* InitialViewController.swift */,
				50FFC6002066D567009C564A /* LoginViewController.swift */,
				50FFC6022066D639009C564A /* MenuViewController.swift */,
				50FFC6042066D6C1009C564A /* SignUpViewController.swift */,
				50FFC6062066D76F009C564A /* RoundedWhiteButton.swift */,
				50FFC6082066D7AA009C564A /* HomeViewController.swift */,
				50FFC60A2066D7D4009C564A /* ViewController.swift */,
				50FFC60C2066D95B009C564A /* HelperExtensions.swift */,
				50FFC5F22066D222009C564A /* Main.storyboard */,
				6CBF7F83206B3B0B003A5C74 /* InstructorHomeViewController.swift */,
				50FFC5F52066D222009C564A /* Assets.xcassets */,
				50FFC5F72066D222009C564A /* LaunchScreen.storyboard */,
				50FFC5FA2066D222009C564A /* Info.plist */,
				50FFC60E2066DE0C009C564A /* GoogleService-Info.plist */,
			);
			path = Attendance_App;
			sourceTree = "<group>";
		};
/* End PBXGroup section */

/* Begin PBXNativeTarget section */
		50FFC5EA2066D222009C564A /* Attendance_App */ = {
			isa = PBXNativeTarget;
			buildConfigurationList = 50FFC5FD2066D222009C564A /* Build configuration list for PBXNativeTarget "Attendance_App" */;
			buildPhases = (
				CFBB7C10113DBBAD55624D5F /* [CP] Check Pods Manifest.lock */,
				50FFC5E72066D222009C564A /* Sources */,
				50FFC5E82066D222009C564A /* Frameworks */,
				50FFC5E92066D222009C564A /* Resources */,
				A298CE20E377D164008A4178 /* [CP] Embed Pods Frameworks */,
				F0C82728B070FB294579DF0E /* [CP] Copy Pods Resources */,
			);
			buildRules = (
			);
			dependencies = (
			);
			name = Attendance_App;
			productName = Attendance_App;
			productReference = 50FFC5EB2066D222009C564A /* Attendance_App.app */;
			productType = "com.apple.product-type.application";
		};
/* End PBXNativeTarget section */

/* Begin PBXProject section */
		50FFC5E32066D222009C564A /* Project object */ = {
			isa = PBXProject;
			attributes = {
				LastSwiftUpdateCheck = 0920;
				LastUpgradeCheck = 0920;
				ORGANIZATIONNAME = "Robert Miller";
				TargetAttributes = {
					50FFC5EA2066D222009C564A = {
						CreatedOnToolsVersion = 9.2;
						ProvisioningStyle = Automatic;
					};
				};
			};
			buildConfigurationList = 50FFC5E62066D222009C564A /* Build configuration list for PBXProject "Attendance_App" */;
			compatibilityVersion = "Xcode 8.0";
			developmentRegion = en;
			hasScannedForEncodings = 0;
			knownRegions = (
				en,
				Base,
			);
			mainGroup = 50FFC5E22066D222009C564A;
			productRefGroup = 50FFC5EC2066D222009C564A /* Products */;
			projectDirPath = "";
			projectRoot = "";
			targets = (
				50FFC5EA2066D222009C564A /* Attendance_App */,
			);
		};
/* End PBXProject section */

/* Begin PBXResourcesBuildPhase section */
		50FFC5E92066D222009C564A /* Resources */ = {
			isa = PBXResourcesBuildPhase;
			buildActionMask = 2147483647;
			files = (
				50FFC5F92066D222009C564A /* LaunchScreen.storyboard in Resources */,
				50FFC60F2066DE0D009C564A /* GoogleService-Info.plist in Resources */,
				50FFC5F62066D222009C564A /* Assets.xcassets in Resources */,
				50FFC5F42066D222009C564A /* Main.storyboard in Resources */,
			);
			runOnlyForDeploymentPostprocessing = 0;
		};
/* End PBXResourcesBuildPhase section */

/* Begin PBXShellScriptBuildPhase section */
		A298CE20E377D164008A4178 /* [CP] Embed Pods Frameworks */ = {
			isa = PBXShellScriptBuildPhase;
			buildActionMask = 2147483647;
			files = (
			);
			inputPaths = (
			);
			name = "[CP] Embed Pods Frameworks";
			outputPaths = (
			);
			runOnlyForDeploymentPostprocessing = 0;
			shellPath = /bin/sh;
			shellScript = "\"${SRCROOT}/Pods/Target Support Files/Pods-Attendance_App/Pods-Attendance_App-frameworks.sh\"\n";
			showEnvVarsInLog = 0;
		};
		CFBB7C10113DBBAD55624D5F /* [CP] Check Pods Manifest.lock */ = {
			isa = PBXShellScriptBuildPhase;
			buildActionMask = 2147483647;
			files = (
			);
			inputPaths = (
				"${PODS_PODFILE_DIR_PATH}/Podfile.lock",
				"${PODS_ROOT}/Manifest.lock",
			);
			name = "[CP] Check Pods Manifest.lock";
			outputPaths = (
				"$(DERIVED_FILE_DIR)/Pods-Attendance_App-checkManifestLockResult.txt",
			);
			runOnlyForDeploymentPostprocessing = 0;
			shellPath = /bin/sh;
			shellScript = "diff \"${PODS_PODFILE_DIR_PATH}/Podfile.lock\" \"${PODS_ROOT}/Manifest.lock\" > /dev/null\nif [ $? != 0 ] ; then\n    # print error to STDERR\n    echo \"error: The sandbox is not in sync with the Podfile.lock. Run 'pod install' or update your CocoaPods installation.\" >&2\n    exit 1\nfi\n# This output is used by Xcode 'outputs' to avoid re-running this script phase.\necho \"SUCCESS\" > \"${SCRIPT_OUTPUT_FILE_0}\"\n";
			showEnvVarsInLog = 0;
		};
		F0C82728B070FB294579DF0E /* [CP] Copy Pods Resources */ = {
			isa = PBXShellScriptBuildPhase;
			buildActionMask = 2147483647;
			files = (
			);
			inputPaths = (
			);
			name = "[CP] Copy Pods Resources";
			outputPaths = (
			);
			runOnlyForDeploymentPostprocessing = 0;
			shellPath = /bin/sh;
			shellScript = "\"${SRCROOT}/Pods/Target Support Files/Pods-Attendance_App/Pods-Attendance_App-resources.sh\"\n";
			showEnvVarsInLog = 0;
		};
/* End PBXShellScriptBuildPhase section */

/* Begin PBXSourcesBuildPhase section */
		50FFC5E72066D222009C564A /* Sources */ = {
			isa = PBXSourcesBuildPhase;
			buildActionMask = 2147483647;
			files = (
				50FFC6012066D567009C564A /* LoginViewController.swift in Sources */,
				50FFC60D2066D95B009C564A /* HelperExtensions.swift in Sources */,
				50FFC5F12066D222009C564A /* InitialViewController.swift in Sources */,
				50FFC5EF2066D222009C564A /* AppDelegate.swift in Sources */,
				50FFC6032066D639009C564A /* MenuViewController.swift in Sources */,
				50FFC6052066D6C1009C564A /* SignUpViewController.swift in Sources */,
				50FFC6092066D7AA009C564A /* HomeViewController.swift in Sources */,
				50FFC60B2066D7D4009C564A /* ViewController.swift in Sources */,
				6CBF7F84206B3B0B003A5C74 /* InstructorHomeViewController.swift in Sources */,
				50FFC6072066D76F009C564A /* RoundedWhiteButton.swift in Sources */,
			);
			runOnlyForDeploymentPostprocessing = 0;
		};
/* End PBXSourcesBuildPhase section */

/* Begin PBXVariantGroup section */
		50FFC5F22066D222009C564A /* Main.storyboard */ = {
			isa = PBXVariantGroup;
			children = (
				50FFC5F32066D222009C564A /* Base */,
			);
			name = Main.storyboard;
			sourceTree = "<group>";
		};
		50FFC5F72066D222009C564A /* LaunchScreen.storyboard */ = {
			isa = PBXVariantGroup;
			children = (
				50FFC5F82066D222009C564A /* Base */,
			);
			name = LaunchScreen.storyboard;
			sourceTree = "<group>";
		};
/* End PBXVariantGroup section */

/* Begin XCBuildConfiguration section */
		50FFC5FB2066D222009C564A /* Debug */ = {
			isa = XCBuildConfiguration;
			buildSettings = {
				ALWAYS_SEARCH_USER_PATHS = NO;
				CLANG_ANALYZER_NONNULL = YES;
				CLANG_ANALYZER_NUMBER_OBJECT_CONVERSION = YES_AGGRESSIVE;
				CLANG_CXX_LANGUAGE_STANDARD = "gnu++14";
				CLANG_CXX_LIBRARY = "libc++";
				CLANG_ENABLE_MODULES = YES;
				CLANG_ENABLE_OBJC_ARC = YES;
				CLANG_WARN_BLOCK_CAPTURE_AUTORELEASING = YES;
				CLANG_WARN_BOOL_CONVERSION = YES;
				CLANG_WARN_COMMA = YES;
				CLANG_WARN_CONSTANT_CONVERSION = YES;
				CLANG_WARN_DIRECT_OBJC_ISA_USAGE = YES_ERROR;
				CLANG_WARN_DOCUMENTATION_COMMENTS = YES;
				CLANG_WARN_EMPTY_BODY = YES;
				CLANG_WARN_ENUM_CONVERSION = YES;
				CLANG_WARN_INFINITE_RECURSION = YES;
				CLANG_WARN_INT_CONVERSION = YES;
				CLANG_WARN_NON_LITERAL_NULL_CONVERSION = YES;
				CLANG_WARN_OBJC_LITERAL_CONVERSION = YES;
				CLANG_WARN_OBJC_ROOT_CLASS = YES_ERROR;
				CLANG_WARN_RANGE_LOOP_ANALYSIS = YES;
				CLANG_WARN_STRICT_PROTOTYPES = YES;
				CLANG_WARN_SUSPICIOUS_MOVE = YES;
				CLANG_WARN_UNGUARDED_AVAILABILITY = YES_AGGRESSIVE;
				CLANG_WARN_UNREACHABLE_CODE = YES;
				CLANG_WARN__DUPLICATE_METHOD_MATCH = YES;
				CODE_SIGN_IDENTITY = "iPhone Developer";
				COPY_PHASE_STRIP = NO;
				DEBUG_INFORMATION_FORMAT = dwarf;
				ENABLE_STRICT_OBJC_MSGSEND = YES;
				ENABLE_TESTABILITY = YES;
				GCC_C_LANGUAGE_STANDARD = gnu11;
				GCC_DYNAMIC_NO_PIC = NO;
				GCC_NO_COMMON_BLOCKS = YES;
				GCC_OPTIMIZATION_LEVEL = 0;
				GCC_PREPROCESSOR_DEFINITIONS = (
					"DEBUG=1",
					"$(inherited)",
				);
				GCC_WARN_64_TO_32_BIT_CONVERSION = YES;
				GCC_WARN_ABOUT_RETURN_TYPE = YES_ERROR;
				GCC_WARN_UNDECLARED_SELECTOR = YES;
				GCC_WARN_UNINITIALIZED_AUTOS = YES_AGGRESSIVE;
				GCC_WARN_UNUSED_FUNCTION = YES;
				GCC_WARN_UNUSED_VARIABLE = YES;
				IPHONEOS_DEPLOYMENT_TARGET = 11.2;
				MTL_ENABLE_DEBUG_INFO = YES;
				ONLY_ACTIVE_ARCH = YES;
				SDKROOT = iphoneos;
				SWIFT_ACTIVE_COMPILATION_CONDITIONS = DEBUG;
				SWIFT_OPTIMIZATION_LEVEL = "-Onone";
			};
			name = Debug;
		};
		50FFC5FC2066D222009C564A /* Release */ = {
			isa = XCBuildConfiguration;
			buildSettings = {
				ALWAYS_SEARCH_USER_PATHS = NO;
				CLANG_ANALYZER_NONNULL = YES;
				CLANG_ANALYZER_NUMBER_OBJECT_CONVERSION = YES_AGGRESSIVE;
				CLANG_CXX_LANGUAGE_STANDARD = "gnu++14";
				CLANG_CXX_LIBRARY = "libc++";
				CLANG_ENABLE_MODULES = YES;
				CLANG_ENABLE_OBJC_ARC = YES;
				CLANG_WARN_BLOCK_CAPTURE_AUTORELEASING = YES;
				CLANG_WARN_BOOL_CONVERSION = YES;
				CLANG_WARN_COMMA = YES;
				CLANG_WARN_CONSTANT_CONVERSION = YES;
				CLANG_WARN_DIRECT_OBJC_ISA_USAGE = YES_ERROR;
				CLANG_WARN_DOCUMENTATION_COMMENTS = YES;
				CLANG_WARN_EMPTY_BODY = YES;
				CLANG_WARN_ENUM_CONVERSION = YES;
				CLANG_WARN_INFINITE_RECURSION = YES;
				CLANG_WARN_INT_CONVERSION = YES;
				CLANG_WARN_NON_LITERAL_NULL_CONVERSION = YES;
				CLANG_WARN_OBJC_LITERAL_CONVERSION = YES;
				CLANG_WARN_OBJC_ROOT_CLASS = YES_ERROR;
				CLANG_WARN_RANGE_LOOP_ANALYSIS = YES;
				CLANG_WARN_STRICT_PROTOTYPES = YES;
				CLANG_WARN_SUSPICIOUS_MOVE = YES;
				CLANG_WARN_UNGUARDED_AVAILABILITY = YES_AGGRESSIVE;
				CLANG_WARN_UNREACHABLE_CODE = YES;
				CLANG_WARN__DUPLICATE_METHOD_MATCH = YES;
				CODE_SIGN_IDENTITY = "iPhone Developer";
				COPY_PHASE_STRIP = NO;
				DEBUG_INFORMATION_FORMAT = "dwarf-with-dsym";
				ENABLE_NS_ASSERTIONS = NO;
				ENABLE_STRICT_OBJC_MSGSEND = YES;
				GCC_C_LANGUAGE_STANDARD = gnu11;
				GCC_NO_COMMON_BLOCKS = YES;
				GCC_WARN_64_TO_32_BIT_CONVERSION = YES;
				GCC_WARN_ABOUT_RETURN_TYPE = YES_ERROR;
				GCC_WARN_UNDECLARED_SELECTOR = YES;
				GCC_WARN_UNINITIALIZED_AUTOS = YES_AGGRESSIVE;
				GCC_WARN_UNUSED_FUNCTION = YES;
				GCC_WARN_UNUSED_VARIABLE = YES;
				IPHONEOS_DEPLOYMENT_TARGET = 11.2;
				MTL_ENABLE_DEBUG_INFO = NO;
				SDKROOT = iphoneos;
				SWIFT_OPTIMIZATION_LEVEL = "-Owholemodule";
				VALIDATE_PRODUCT = YES;
			};
			name = Release;
		};
		50FFC5FE2066D222009C564A /* Debug */ = {
			isa = XCBuildConfiguration;
			baseConfigurationReference = A0BE25BF765E87E2E1B57333 /* Pods-Attendance_App.debug.xcconfig */;
			buildSettings = {
				ASSETCATALOG_COMPILER_APPICON_NAME = AppIcon;
				CODE_SIGN_STYLE = Automatic;
				INFOPLIST_FILE = Attendance_App/Info.plist;
				LD_RUNPATH_SEARCH_PATHS = "$(inherited) @executable_path/Frameworks";
				PRODUCT_BUNDLE_IDENTIFIER = "Miller.Attendance-App";
				PRODUCT_NAME = "$(TARGET_NAME)";
				SWIFT_VERSION = 4.0;
				TARGETED_DEVICE_FAMILY = "1,2";
			};
			name = Debug;
		};
		50FFC5FF2066D222009C564A /* Release */ = {
			isa = XCBuildConfiguration;
			baseConfigurationReference = 6313138773B75351DAC03768 /* Pods-Attendance_App.release.xcconfig */;
			buildSettings = {
				ASSETCATALOG_COMPILER_APPICON_NAME = AppIcon;
				CODE_SIGN_STYLE = Automatic;
				INFOPLIST_FILE = Attendance_App/Info.plist;
				LD_RUNPATH_SEARCH_PATHS = "$(inherited) @executable_path/Frameworks";
				PRODUCT_BUNDLE_IDENTIFIER = "Miller.Attendance-App";
				PRODUCT_NAME = "$(TARGET_NAME)";
				SWIFT_VERSION = 4.0;
				TARGETED_DEVICE_FAMILY = "1,2";
			};
			name = Release;
		};
/* End XCBuildConfiguration section */

/* Begin XCConfigurationList section */
		50FFC5E62066D222009C564A /* Build configuration list for PBXProject "Attendance_App" */ = {
			isa = XCConfigurationList;
			buildConfigurations = (
				50FFC5FB2066D222009C564A /* Debug */,
				50FFC5FC2066D222009C564A /* Release */,
			);
			defaultConfigurationIsVisible = 0;
			defaultConfigurationName = Release;
		};
		50FFC5FD2066D222009C564A /* Build configuration list for PBXNativeTarget "Attendance_App" */ = {
			isa = XCConfigurationList;
			buildConfigurations = (
				50FFC5FE2066D222009C564A /* Debug */,
				50FFC5FF2066D222009C564A /* Release */,
			);
			defaultConfigurationIsVisible = 0;
			defaultConfigurationName = Release;
		};
/* End XCConfigurationList section */
	};
	rootObject = 50FFC5E32066D222009C564A /* Project object */;
}
